
Microsoft Visual Studio Solution File, Format Version 12.00
# Visual Studio Version 17
VisualStudioVersion = 17.11.35327.3
MinimumVisualStudioVersion = 10.0.40219.1
Project("{FAE04EC0-301F-11D3-BF4B-00C04F79EFBC}") = "Task 6(test2)", "Task 6(test2).csproj", "{14317095-3673-42F4-B2F3-E2DABC2E242C}"
EndProject
Global
	GlobalSection(SolutionConfigurationPlatforms) = preSolution
		Debug|Any CPU = Debug|Any CPU
		Release|Any CPU = Release|Any CPU
	EndGlobalSection
	GlobalSection(ProjectConfigurationPlatforms) = postSolution
		{14317095-3673-42F4-B2F3-E2DABC2E242C}.Debug|Any CPU.ActiveCfg = Debug|Any CPU
		{14317095-3673-42F4-B2F3-E2DABC2E242C}.Debug|Any CPU.Build.0 = Debug|Any CPU
		{14317095-3673-42F4-B2F3-E2DABC2E242C}.Release|Any CPU.ActiveCfg = Release|Any CPU
		{14317095-3673-42F4-B2F3-E2DABC2E242C}.Release|Any CPU.Build.0 = Release|Any CPU
	EndGlobalSection
	GlobalSection(SolutionProperties) = preSolution
		HideSolutionNode = FALSE
	EndGlobalSection
	GlobalSection(ExtensibilityGlobals) = postSolution
		SolutionGuid = {50DFB171-7F8C-4C6D-B331-E9A54347CAC0}
	EndGlobalSection
EndGlobal
